<?xml version="1.0" encoding="utf-8"?>
<Project ToolsVersion="4.0" xmlns:atg="http://atg.xbox.com" xmlns="http://schemas.microsoft.com/developer/msbuild/2003">
  <ItemGroup>
    <Filter Include="Resource Files">
      <UniqueIdentifier>{8e114980-c1a3-4ada-ad7c-83caadf5daeb}</UniqueIdentifier>
      <Extensions>rc;ico;cur;bmp;dlg;rc2;rct;bin;rgs;gif;jpg;jpeg;jpe</Extensions>
    </Filter>
    <Filter Include="DXUT">
      <UniqueIdentifier>{a43c5c25-0e86-4a20-b64a-883785ff74fd}</UniqueIdentifier>
    </Filter>
    <Filter Include="Shaders">
      <UniqueIdentifier>{2c3d4c8c-5d1a-459a-a05a-a4e4b608a44e}</UniqueIdentifier>
      <Extensions>fx;fxh;hlsl</Extensions>
    </Filter>
    <Filter Include="Game">
      <UniqueIdentifier>{6a272c80-08ac-4001-af49-6bbb337f0baa}</UniqueIdentifier>
    </Filter>
    <Filter Include="Game\Scenes">
      <UniqueIdentifier>{7dafabe6-2e62-40c7-9df4-f8aa06bfc28c}</UniqueIdentifier>
    </Filter>
    <Filter Include="Game\Entity">
      <UniqueIdentifier>{3a9af44e-ec66-4737-a3be-6b3914203c3e}</UniqueIdentifier>
    </Filter>
    <Filter Include="Game\Factory">
      <UniqueIdentifier>{de4f6b9d-b234-4030-8332-2155dc0304ae}</UniqueIdentifier>
    </Filter>
    <Filter Include="Engine">
      <UniqueIdentifier>{cda816d8-f24c-416c-abdc-3eda9001db1a}</UniqueIdentifier>
    </Filter>
    <Filter Include="Engine\Asset">
      <UniqueIdentifier>{d50b3b10-4f82-4708-aa92-82f583bd78d3}</UniqueIdentifier>
    </Filter>
    <Filter Include="Engine\World">
      <UniqueIdentifier>{81bcb168-6e83-4c1d-9437-58e203a8f2ed}</UniqueIdentifier>
    </Filter>
    <Filter Include="Engine\Texture">
      <UniqueIdentifier>{bb85e512-0549-4483-a1e6-ba7b1f36a264}</UniqueIdentifier>
    </Filter>
    <Filter Include="Engine\Sprite">
      <UniqueIdentifier>{9eec3b6b-f2d0-470a-adc0-5f23844398d6}</UniqueIdentifier>
    </Filter>
    <Filter Include="Engine\Entity">
      <UniqueIdentifier>{107d8f98-0abd-45d8-865b-c6b035d42fd9}</UniqueIdentifier>
    </Filter>
    <Filter Include="Engine\Animation">
      <UniqueIdentifier>{e92b8bb3-0599-4d0a-b262-66041fcbfd07}</UniqueIdentifier>
    </Filter>
    <Filter Include="Engine\Text">
      <UniqueIdentifier>{fabac2b4-f0bd-4d5d-b572-0c7fef66f8e5}</UniqueIdentifier>
    </Filter>
    <Filter Include="Engine\Scene">
      <UniqueIdentifier>{8a4a862d-2456-42fe-8443-db636577cea2}</UniqueIdentifier>
    </Filter>
    <Filter Include="Engine\Timer">
      <UniqueIdentifier>{f0f7dd54-fe7f-4968-9ee8-57b57c5e2ecf}</UniqueIdentifier>
    </Filter>
  </ItemGroup>
  <ItemGroup>
    <None Include="DXUT\Optional\directx.ico">
      <Filter>Resource Files</Filter>
    </None>
    <ClInclude Include="DXUT\Core\DXUT.h">
      <Filter>DXUT</Filter>
    </ClInclude>
    <ClInclude Include="DXUT\Core\DXUTenum.h">
      <Filter>DXUT</Filter>
    </ClInclude>
    <ClInclude Include="DXUT\Core\DXUTmisc.h">
      <Filter>DXUT</Filter>
    </ClInclude>
    <ClCompile Include="DXUT\Core\DXUT.cpp">
      <Filter>DXUT</Filter>
    </ClCompile>
    <ClCompile Include="DXUT\Core\DXUTenum.cpp">
      <Filter>DXUT</Filter>
    </ClCompile>
    <ClCompile Include="DXUT\Core\DXUTmisc.cpp">
      <Filter>DXUT</Filter>
    </ClCompile>
    <ClInclude Include="DXUT\Optional\DXUTcamera.h">
      <Filter>DXUT</Filter>
    </ClInclude>
    <ClInclude Include="DXUT\Optional\DXUTgui.h">
      <Filter>DXUT</Filter>
    </ClInclude>
    <ClInclude Include="DXUT\Optional\DXUTres.h">
      <Filter>DXUT</Filter>
    </ClInclude>
    <ClInclude Include="DXUT\Optional\DXUTsettingsdlg.h">
      <Filter>DXUT</Filter>
    </ClInclude>
    <ClInclude Include="DXUT\Optional\SDKmesh.h">
      <Filter>DXUT</Filter>
    </ClInclude>
    <ClInclude Include="DXUT\Optional\SDKmisc.h">
      <Filter>DXUT</Filter>
    </ClInclude>
    <ClCompile Include="DXUT\Optional\DXUTcamera.cpp">
      <Filter>DXUT</Filter>
    </ClCompile>
    <ClCompile Include="DXUT\Optional\DXUTgui.cpp">
      <Filter>DXUT</Filter>
    </ClCompile>
    <ClCompile Include="DXUT\Optional\DXUTres.cpp">
      <Filter>DXUT</Filter>
    </ClCompile>
    <ClCompile Include="DXUT\Optional\DXUTsettingsdlg.cpp">
      <Filter>DXUT</Filter>
    </ClCompile>
    <ClCompile Include="DXUT\Optional\SDKmesh.cpp">
      <Filter>DXUT</Filter>
    </ClCompile>
    <ClCompile Include="DXUT\Optional\SDKmisc.cpp">
      <Filter>DXUT</Filter>
    </ClCompile>
  </ItemGroup>
  <ItemGroup>
    <ClCompile Include="Asset.cpp">
      <Filter>Engine\Asset</Filter>
    </ClCompile>
    <ClCompile Include="Texture.cpp">
      <Filter>Engine\Texture</Filter>
    </ClCompile>
    <ClCompile Include="World.cpp">
      <Filter>Engine\World</Filter>
    </ClCompile>
    <ClCompile Include="Entity.cpp">
      <Filter>Engine\Entity</Filter>
    </ClCompile>
    <ClCompile Include="Sprite.cpp">
      <Filter>Engine\Sprite</Filter>
    </ClCompile>
    <ClCompile Include="Animation.cpp">
      <Filter>Engine\Animation</Filter>
    </ClCompile>
    <ClCompile Include="main.cpp">
      <Filter>Engine</Filter>
    </ClCompile>
    <ClCompile Include="Text.cpp">
      <Filter>Engine\Text</Filter>
    </ClCompile>
    <ClCompile Include="DXUT\Optional\SDKsound.cpp">
      <Filter>DXUT</Filter>
    </ClCompile>
    <ClCompile Include="DXUT\Optional\SDKwavefile.cpp">
      <Filter>DXUT</Filter>
    </ClCompile>
    <ClCompile Include="Scene.cpp">
      <Filter>Engine\Scene</Filter>
    </ClCompile>
    <ClCompile Include="Timer.cpp">
      <Filter>Engine\Timer</Filter>
    </ClCompile>
    <ClCompile Include="GameScene.cpp">
      <Filter>Game\Scenes</Filter>
    </ClCompile>
    <ClCompile Include="Tile.cpp">
      <Filter>Game\Entity</Filter>
    </ClCompile>
    <ClCompile Include="StageMap.cpp">
      <Filter>Game\Entity</Filter>
    </ClCompile>
    <ClCompile Include="UI.cpp">
      <Filter>Game\Entity</Filter>
    </ClCompile>
    <ClCompile Include="Object.cpp">
      <Filter>Game\Entity</Filter>
    </ClCompile>
    <ClCompile Include="Unit.cpp">
      <Filter>Game\Entity</Filter>
    </ClCompile>
    <ClCompile Include="MultiDirAnimation.cpp">
      <Filter>Game\Entity</Filter>
    </ClCompile>
    <ClCompile Include="Player.cpp">
      <Filter>Game\Entity</Filter>
    </ClCompile>
    <ClCompile Include="Cursor.cpp">
      <Filter>Game\Entity</Filter>
    </ClCompile>
    <ClCompile Include="Building.cpp">
      <Filter>Game\Entity</Filter>
    </ClCompile>
    <ClCompile Include="Enemy.cpp">
      <Filter>Game\Entity</Filter>
    </ClCompile>
    <ClCompile Include="Particle.cpp">
      <Filter>Game\Entity</Filter>
    </ClCompile>
    <ClCompile Include="BuildingFactory.cpp">
      <Filter>Game\Factory</Filter>
    </ClCompile>
    <ClCompile Include="Cave.cpp" />
    <ClCompile Include="Arrow.cpp" />
    <ClCompile Include="GameManager.cpp" />
    <ClCompile Include="Item.cpp" />
    <ClCompile Include="Tree.cpp" />
    <ClCompile Include="Tool.cpp" />
    <ClCompile Include="Catapult.cpp" />
    <ClCompile Include="MainScene.cpp" />
    <ClCompile Include="LoadingScene.cpp" />
    <ClCompile Include="EndScene.cpp" />
  </ItemGroup>
  <ItemGroup>
    <ClInclude Include="Asset.h">
      <Filter>Engine\Asset</Filter>
    </ClInclude>
    <ClInclude Include="Texture.h">
      <Filter>Engine\Texture</Filter>
    </ClInclude>
    <ClInclude Include="World.h">
      <Filter>Engine\World</Filter>
    </ClInclude>
    <ClInclude Include="Entity.h">
      <Filter>Engine\Entity</Filter>
    </ClInclude>
    <ClInclude Include="Sprite.h">
      <Filter>Engine\Sprite</Filter>
    </ClInclude>
    <ClInclude Include="Animation.h">
      <Filter>Engine\Animation</Filter>
    </ClInclude>
    <ClInclude Include="Define.h">
      <Filter>Engine</Filter>
    </ClInclude>
    <ClInclude Include="Text.h">
      <Filter>Engine\Text</Filter>
    </ClInclude>
    <ClInclude Include="DXUT\Optional\SDKsound.h">
      <Filter>DXUT</Filter>
    </ClInclude>
    <ClInclude Include="DXUT\Optional\SDKwavefile.h">
      <Filter>DXUT</Filter>
    </ClInclude>
    <ClInclude Include="Scene.h">
      <Filter>Engine\Scene</Filter>
    </ClInclude>
    <ClInclude Include="Timer.h">
      <Filter>Engine\Timer</Filter>
    </ClInclude>
    <ClInclude Include="GameScene.h">
      <Filter>Game\Scenes</Filter>
    </ClInclude>
    <ClInclude Include="Tile.h">
      <Filter>Game\Entity</Filter>
    </ClInclude>
    <ClInclude Include="StageMap.h">
      <Filter>Game\Entity</Filter>
    </ClInclude>
    <ClInclude Include="UI.h">
      <Filter>Game\Entity</Filter>
    </ClInclude>
    <ClInclude Include="Unit.h">
      <Filter>Game\Entity</Filter>
    </ClInclude>
    <ClInclude Include="Object.h">
      <Filter>Game\Entity</Filter>
    </ClInclude>
    <ClInclude Include="MultiDirAnimation.h">
      <Filter>Game\Entity</Filter>
    </ClInclude>
    <ClInclude Include="Enum.h">
      <Filter>Game</Filter>
    </ClInclude>
    <ClInclude Include="Player.h">
      <Filter>Game\Entity</Filter>
    </ClInclude>
    <ClInclude Include="Cursor.h">
      <Filter>Game\Entity</Filter>
    </ClInclude>
    <ClInclude Include="Building.h">
      <Filter>Game\Entity</Filter>
    </ClInclude>
    <ClInclude Include="Enemy.h">
      <Filter>Game\Entity</Filter>
    </ClInclude>
    <ClInclude Include="Particle.h">
      <Filter>Game\Entity</Filter>
    </ClInclude>
    <ClInclude Include="BuildingFactory.h">
      <Filter>Game\Factory</Filter>
    </ClInclude>
    <ClInclude Include="Cave.h" />
    <ClInclude Include="Arrow.h" />
    <ClInclude Include="GameManager.h" />
    <ClInclude Include="Item.h" />
    <ClInclude Include="Tree.h" />
    <ClInclude Include="Tool.h" />
    <ClInclude Include="Catapult.h" />
    <ClInclude Include="MainScene.h" />
    <ClInclude Include="LoadingScene.h" />
    <ClInclude Include="EndScene.h" />
  </ItemGroup>
  <ItemGroup>
    <CLInclude Include="resource.h">
      <Filter>Resource Files</Filter>
    </CLInclude>
    <ResourceCompile Include="Engine Final.rc">
      <Filter>Resource Files</Filter>
    </ResourceCompile>
  </ItemGroup>
  <ItemGroup>
  </ItemGroup>
</Project>